
Microsoft Visual Studio Solution File, Format Version 12.00
# Visual Studio Version 17
VisualStudioVersion = 17.5.33516.290
MinimumVisualStudioVersion = 10.0.40219.1
Project("{FAE04EC0-301F-11D3-BF4B-00C04F79EFBC}") = "ExcelAddIn1", "ExcelAddIn1\ExcelAddIn1.csproj", "{173533FC-EFAD-4422-A83B-21CF2823BDE6}"
EndProject
Global
	GlobalSection(SolutionConfigurationPlatforms) = preSolution
		Debug|Any CPU = Debug|Any CPU
		Release|Any CPU = Release|Any CPU
	EndGlobalSection
	GlobalSection(ProjectConfigurationPlatforms) = postSolution
		{173533FC-EFAD-4422-A83B-21CF2823BDE6}.Debug|Any CPU.ActiveCfg = Debug|Any CPU
		{173533FC-EFAD-4422-A83B-21CF2823BDE6}.Debug|Any CPU.Build.0 = Debug|Any CPU
		{173533FC-EFAD-4422-A83B-21CF2823BDE6}.Release|Any CPU.ActiveCfg = Release|Any CPU
		{173533FC-EFAD-4422-A83B-21CF2823BDE6}.Release|Any CPU.Build.0 = Release|Any CPU
	EndGlobalSection
	GlobalSection(SolutionProperties) = preSolution
		HideSolutionNode = FALSE
	EndGlobalSection
	GlobalSection(ExtensibilityGlobals) = postSolution
		SolutionGuid = {59AC9804-111D-46DC-B810-D02F5A831618}
	EndGlobalSection
EndGlobal
